
Microsoft Visual Studio Solution File, Format Version 12.00
# Visual Studio Version 17
VisualStudioVersion = 17.3.32901.215
MinimumVisualStudioVersion = 10.0.40219.1
Project("{9A19103F-16F7-4668-BE54-9A1E7A4F7556}") = "MPRadditApi", "MPRadditApi.csproj", "{BE71B074-F29C-4B53-9EA9-17FC54A1466C}"
EndProject
Global
	GlobalSection(SolutionConfigurationPlatforms) = preSolution
		Debug|Any CPU = Debug|Any CPU
		Release|Any CPU = Release|Any CPU
	EndGlobalSection
	GlobalSection(ProjectConfigurationPlatforms) = postSolution
		{BE71B074-F29C-4B53-9EA9-17FC54A1466C}.Debug|Any CPU.ActiveCfg = Debug|Any CPU
		{BE71B074-F29C-4B53-9EA9-17FC54A1466C}.Debug|Any CPU.Build.0 = Debug|Any CPU
		{BE71B074-F29C-4B53-9EA9-17FC54A1466C}.Release|Any CPU.ActiveCfg = Release|Any CPU
		{BE71B074-F29C-4B53-9EA9-17FC54A1466C}.Release|Any CPU.Build.0 = Release|Any CPU
	EndGlobalSection
	GlobalSection(SolutionProperties) = preSolution
		HideSolutionNode = FALSE
	EndGlobalSection
	GlobalSection(ExtensibilityGlobals) = postSolution
		SolutionGuid = {38D2CE2F-1BFE-4E85-8C42-C10004A55988}
	EndGlobalSection
EndGlobal
